
Microsoft Visual Studio Solution File, Format Version 12.00
# Visual Studio Version 17
VisualStudioVersion = 17.9.34728.123
MinimumVisualStudioVersion = 10.0.40219.1
Project("{2150E333-8FDC-42A3-9474-1A3956D46DE8}") = "cube", "cube", "{DBB6D7ED-B643-4EBE-ADCE-AAF453F0D901}"
EndProject
Project("{2150E333-8FDC-42A3-9474-1A3956D46DE8}") = "cube.interpreters", "cube.interpreters", "{4D8347FB-777A-4A72-A80D-01EDD96B9CC0}"
EndProject
Project("{2150E333-8FDC-42A3-9474-1A3956D46DE8}") = "cube.validators", "cube.validators", "{30BC6D84-A2E8-40FE-BFE3-7FFFFBEFA73E}"
EndProject
Project("{2150E333-8FDC-42A3-9474-1A3956D46DE8}") = "ia", "ia", "{48042C4B-DC01-4047-82EA-900D04A6F09A}"
EndProject
Project("{F184B08F-C81C-45F6-A57F-5ABD9991F28F}") = "CubeReport64", "..\controllers\cube\1_0_stdCubeReport64_dll\CubeReport64\CubeReport64.vbproj", "{ED843E19-7F67-445A-9DC3-98E78C5E3D58}"
EndProject
Project("{F184B08F-C81C-45F6-A57F-5ABD9991F28F}") = "InterpreterReport64", "..\controllers\cube\1_0_stdInterpreterReport64_dll\InterpreterReport64\InterpreterReport64.vbproj", "{8CA49DE5-1B4A-4821-8F20-D4491D0F55F2}"
EndProject
Project("{F184B08F-C81C-45F6-A57F-5ABD9991F28F}") = "ItemReport64", "..\controllers\cube\1_0_stdItemReport64_dll\ItemReport64\ItemReport64.vbproj", "{1C1E0E80-D620-4152-9DA8-31EC4D418996}"
EndProject
Project("{F184B08F-C81C-45F6-A57F-5ABD9991F28F}") = "ValidatorReport64", "..\controllers\cube\1_0_stdValidatorReport64_dll\ValidatorReport\ValidatorReport64.vbproj", "{2F0B7DE7-74B0-4836-900B-C41D28DD4658}"
EndProject
Project("{F184B08F-C81C-45F6-A57F-5ABD9991F28F}") = "IMathematicalInterpreter64", "..\controllers\cube.interpreters\1_0_stdIMathematicalInterpreter64_dll\IMathematicalInterpreter64\IMathematicalInterpreter64.vbproj", "{A46A02DD-0F34-4FB2-91E4-FE3CE9FD1F1B}"
EndProject
Project("{F184B08F-C81C-45F6-A57F-5ABD9991F28F}") = "MathematicalInterpreterNCalc64", "..\controllers\cube.interpreters\1_0_stdMathematicalInterpreterNCalc64_dll\MathematicalInterpreterNCalc64\MathematicalInterpreterNCalc64.vbproj", "{513DA76E-510E-40E0-BA4D-37334E7F19A3}"
EndProject
Project("{F184B08F-C81C-45F6-A57F-5ABD9991F28F}") = "CheckedField64", "..\controllers\cube.validators\1_0_stdCheckedField64_dll\CheckedField64\CheckedField64.vbproj", "{40562FFF-34CD-4098-B02E-D3456139D596}"
EndProject
Project("{F184B08F-C81C-45F6-A57F-5ABD9991F28F}") = "CubeController64", "..\controllers\cube.validators\1_0_stdCubeController64_dll\CubeController64\CubeController64.vbproj", "{8456BA71-60DE-403D-9AE9-D952CE5939F4}"
EndProject
Project("{F184B08F-C81C-45F6-A57F-5ABD9991F28F}") = "ICubeController64", "..\controllers\cube.validators\1_0_stdICubeController64_dll\ICubeController64\ICubeController64.vbproj", "{A822B6BA-4695-47A9-9514-B8D3B8363A96}"
EndProject
Project("{F184B08F-C81C-45F6-A57F-5ABD9991F28F}") = "Room64", "..\controllers\cube.validators\1_0_stdRoom64_dll\Room64\Room64.vbproj", "{E2E2C9E6-24E6-4DAF-9F29-D09165D70E16}"
EndProject
Project("{F184B08F-C81C-45F6-A57F-5ABD9991F28F}") = "ValidationPanel64", "..\controllers\cube.validators\1_0_stdValidationPanel64_dll\ValidationPanel64\ValidationPanel64.vbproj", "{B1D7F368-9536-4467-9A8C-27A50B17FC17}"
EndProject
Project("{F184B08F-C81C-45F6-A57F-5ABD9991F28F}") = "Analysis64", "..\controllers\ia\analysis\1_0_stdAnalysis\Analysis64\Analysis64.vbproj", "{DF71F916-408A-423D-AA4A-607C30186800}"
EndProject
Project("{F184B08F-C81C-45F6-A57F-5ABD9991F28F}") = "AnalysisDocument64", "..\controllers\ia\analysis\1_0_stdAnalysisDocument\AnalysisDocument64\AnalysisDocument64.vbproj", "{DB0F054C-7A08-43AD-860E-A942D2B751F7}"
EndProject
Project("{F184B08F-C81C-45F6-A57F-5ABD9991F28F}") = "IAnalysisDocument", "..\controllers\ia\analysis\1_0_stdIAnalysisDocument\IAnalysisDocument\IAnalysisDocument.vbproj", "{3AB15090-8A20-43F3-899F-71FF936D107F}"
EndProject
Project("{F184B08F-C81C-45F6-A57F-5ABD9991F28F}") = "ControllerChatGPT64", "..\controllers\ia\pln\1_0_stdControllerChatGPT64_dll\ControllerChatGPT64\ControllerChatGPT64.vbproj", "{25BC78EB-E695-4482-A1BB-4B7B74BA992E}"
EndProject
Project("{F184B08F-C81C-45F6-A57F-5ABD9991F28F}") = "ControllerDocumentAnalyzer64", "..\controllers\ia\pln\1_0_stdControllerDocumentAnalyzer64_dll\ControllerDocumentAnalyzer64\ControllerDocumentAnalyzer64.vbproj", "{2F68F3F8-8944-4BB5-BCFF-2B10924D6D72}"
EndProject
Project("{F184B08F-C81C-45F6-A57F-5ABD9991F28F}") = "ControllerTextract64", "..\controllers\ia\pln\1_0_stdControllerTextract64_dll\ControllerTextract64\ControllerTextract64.vbproj", "{7BDC02CC-EBBC-431C-9B5F-F9A5DC820F65}"
EndProject
Project("{F184B08F-C81C-45F6-A57F-5ABD9991F28F}") = "DocumentResultEvaluator", "..\controllers\ia\pln\1_0_stdDocumentResultEvaluator64_dll\DocumentResultEvaluator64\DocumentResultEvaluator.vbproj", "{B880F104-6642-4EB9-9B12-96B251726C85}"
EndProject
Project("{F184B08F-C81C-45F6-A57F-5ABD9991F28F}") = "IControllerChatGPT64", "..\controllers\ia\pln\1_0_stdIControllerChatGPT64_dll\IControllerChatGPT64\IControllerChatGPT64.vbproj", "{EF09E089-BEC7-4CF0-BC0B-115813ADAEAE}"
EndProject
Project("{F184B08F-C81C-45F6-A57F-5ABD9991F28F}") = "IControllerDocumentAnalyzer64", "..\controllers\ia\pln\1_0_stdIControllerDocumentAnalyzer64_dll\IControllerDocumentAnalyzer64\IControllerDocumentAnalyzer64.vbproj", "{70205B45-6692-4F4F-AC78-ACF44ABFDBD2}"
EndProject
Project("{F184B08F-C81C-45F6-A57F-5ABD9991F28F}") = "IControllerTextract64", "..\controllers\ia\pln\1_0_stdIControllerTextract64_dll\IControllerTextract64\IControllerTextract64.vbproj", "{E0CD4FD1-668E-444B-84C7-7B7DF0C829AE}"
EndProject
Project("{F184B08F-C81C-45F6-A57F-5ABD9991F28F}") = "IValidationRoute64", "..\controllers\cube.validators\1_0_stdIValidationRouteController64_dll\IValidationRouteController64\IValidationRoute64.vbproj", "{84C204FD-EDA8-4694-911B-D0E3F76FD50F}"
EndProject
Project("{F184B08F-C81C-45F6-A57F-5ABD9991F28F}") = "ValidationEngine64", "..\controllers\cube.validators\1_0_stdValidationRouteAll64_dll\ValidationRouteAll64\ValidationEngine64.vbproj", "{009AC5EC-F1DC-4BCB-B8B1-448C4B35D378}"
EndProject
Project("{F184B08F-C81C-45F6-A57F-5ABD9991F28F}") = "ValidationRoute64", "..\controllers\cube.validators\1_0_stdValidationRouteController64_dll\ValidationRouteController64\ValidationRoute64.vbproj", "{5BD01893-7896-498A-9BB1-AAC9B80352E3}"
EndProject
Project("{F184B08F-C81C-45F6-A57F-5ABD9991F28F}") = "ValidationRUVA64", "..\controllers\cube.validators\1_0_stdValidationRUVA64_dll\ValidationRUVA64\ValidationRUVA64.vbproj", "{106A3D4C-C600-4A1A-B292-7145E96907A9}"
EndProject
Project("{F184B08F-C81C-45F6-A57F-5ABD9991F28F}") = "VRUVA000_STDBL64", "..\controllers\cube.validators\1_0_stdVRUVA000_STDBL64_dll\ValidationRUVA_BL64\VRUVA000_STDBL64.vbproj", "{2FA53F63-BC79-4CC3-8DBA-1900DF43B14B}"
EndProject
Project("{F184B08F-C81C-45F6-A57F-5ABD9991F28F}") = "VRUVA000_STDCommercialInvoice64", "..\controllers\cube.validators\1_0_stdVRUVA000_STDCommercialInvoice64_dll\ValidationRUVA_FacturaComercial64\VRUVA000_STDCommercialInvoice64.vbproj", "{E99B8198-45BA-4B9D-BBEE-C117FBAC7041}"
EndProject
Project("{F184B08F-C81C-45F6-A57F-5ABD9991F28F}") = "VRUVA001_STDA22CustomsDeclarationDoc64", "..\controllers\cube.validators\1_0_stdVRUVA001_STDA22CustomsDeclarationDoc64_dll\ValidationRUVA21_A2264\VRUVA001_STDA22CustomsDeclarationDoc64.vbproj", "{54D8C3EF-EF87-40F2-8B7D-A3AEB29EAF10}"
EndProject
Project("{F184B08F-C81C-45F6-A57F-5ABD9991F28F}") = "VRUVA001_SYNA22CustomsDeclarationDoc64", "..\controllers\cube.validators\1_0_stdVRUVA001_SYNA22CustomsDeclarationDoc64_dll\ValidationRUVA1_A2264\VRUVA001_SYNA22CustomsDeclarationDoc64.vbproj", "{6F667AF2-80FD-4E16-A9F0-BD278261D49C}"
EndProject
Project("{F184B08F-C81C-45F6-A57F-5ABD9991F28F}") = "VRUVA002_SYNA22CustomsDeclarationDoc64", "..\controllers\cube.validators\1_0_stdVRUVA002_SYNA22CustomsDeclarationDoc64_dll\VRUVA002_SYNA22CustomsDeclarationDoc64\VRUVA002_SYNA22CustomsDeclarationDoc64.vbproj", "{A953CC4C-ABD9-486F-9BD7-8472D3A5CC72}"
EndProject
Project("{F184B08F-C81C-45F6-A57F-5ABD9991F28F}") = "VRUVA003_SYNA22CustomsDeclarationDoc64", "..\controllers\cube.validators\1_0_stdVRUVA003_SYNA22CustomsDeclarationDoc64_dll\VRUVA003_SYNA22CustomsDeclarationDoc64\VRUVA003_SYNA22CustomsDeclarationDoc64.vbproj", "{ECB85DDD-3E13-4003-80E5-0BB841879388}"
EndProject
Project("{F184B08F-C81C-45F6-A57F-5ABD9991F28F}") = "VRUVA004_STDA22CustomsDeclarationDoc64", "..\controllers\cube.validators\1_0_stdVRUVA004_STDA22CustomsDeclarationDoc64\VRUVA004_STDA22CustomsDeclarationDoc64\VRUVA004_STDA22CustomsDeclarationDoc64.vbproj", "{E70EFA14-BD7C-4CC8-84B2-4D75A4B74F5C}"
EndProject
Project("{F184B08F-C81C-45F6-A57F-5ABD9991F28F}") = "VRUVA004_SYNA22CustomsDeclarationDoc64", "..\controllers\cube.validators\1_0_stdVRUVA004_SYNA22CustomsDeclarationDoc64_dll\ValidationRUVA4_A2264\VRUVA004_SYNA22CustomsDeclarationDoc64.vbproj", "{FDA1F274-73AD-462B-BD82-43EEB83BE87B}"
EndProject
Project("{F184B08F-C81C-45F6-A57F-5ABD9991F28F}") = "VRUVA005_SYNA22CustomsDeclarationDoc64", "..\controllers\cube.validators\1_0_stdVRUVA005_SYNA22CustomsDeclarationDoc64_dll\VRUVA005_SYNA22CustomsDeclarationDoc64\VRUVA005_SYNA22CustomsDeclarationDoc64.vbproj", "{08E9A20E-ABAC-4BC0-B557-1BC63408F26E}"
EndProject
Project("{F184B08F-C81C-45F6-A57F-5ABD9991F28F}") = "VRUVA006_SYNA22CustomsDeclarationDoc64", "..\controllers\cube.validators\1_0_stdVRUVA006_SYNA22CustomsDeclarationDoc64_dll\VRUVA006_SYNA22CustomsDeclarationDoc64\VRUVA006_SYNA22CustomsDeclarationDoc64.vbproj", "{868BC15B-C7DA-47A4-B0B4-9AE9CC072876}"
EndProject
Project("{F184B08F-C81C-45F6-A57F-5ABD9991F28F}") = "VRUVA007_SYNA22CustomsDeclarationDoc64", "..\controllers\cube.validators\1_0_stdVRUVA007_SYNA22CustomsDeclarationDoc64_dll\VRUVA007_SYNA22CustomsDeclarationDoc64\VRUVA007_SYNA22CustomsDeclarationDoc64.vbproj", "{ECD6C0BD-A546-4740-927A-784BE8E6A609}"
EndProject
Project("{F184B08F-C81C-45F6-A57F-5ABD9991F28F}") = "VRUVA009_SYNA22CustomsDeclarationDoc64", "..\controllers\cube.validators\1_0_stdVRUVA009_SYNA22CustomsDeclarationDoc64_dll\VRUVA009_SYNA22CustomsDeclarationDoc64\VRUVA009_SYNA22CustomsDeclarationDoc64.vbproj", "{A240B9D0-9123-44B6-A317-E201DE54C193}"
EndProject
Project("{F184B08F-C81C-45F6-A57F-5ABD9991F28F}") = "VRUVA010_SYNA22CustomsDeclarationDoc64", "..\controllers\cube.validators\1_0_stdVRUVA010_SYNA22CustomsDeclarationDoc64_dll\VRUVA010_SYNA22CustomsDeclarationDoc64\VRUVA010_SYNA22CustomsDeclarationDoc64.vbproj", "{C9BA2977-E336-4F80-8F4F-4CF97C0C5662}"
EndProject
Project("{F184B08F-C81C-45F6-A57F-5ABD9991F28F}") = "VRUVA011_SYNA22CustomsDeclarationDoc64", "..\controllers\cube.validators\1_0_stdVRUVA011_SYNA22CustomsDeclarationDoc64_dll\VRUVA011_SYNA22CustomsDeclarationDoc64\VRUVA011_SYNA22CustomsDeclarationDoc64.vbproj", "{28447932-D527-4D7C-B5F1-940CF18F866D}"
EndProject
Project("{F184B08F-C81C-45F6-A57F-5ABD9991F28F}") = "VRUVA012_SYNA22CustomsDeclarationDoc64", "..\controllers\cube.validators\1_0_stdVRUVA012_SYNA22CustomsDeclarationDoc64_dll\VRUVA012_SYNA22CustomsDeclarationDoc64\VRUVA012_SYNA22CustomsDeclarationDoc64.vbproj", "{1AB1F880-CC3A-4DE5-B036-35CBBB1B9C9E}"
EndProject
Global
	GlobalSection(SolutionConfigurationPlatforms) = preSolution
		Debug|Any CPU = Debug|Any CPU
		Release|Any CPU = Release|Any CPU
	EndGlobalSection
	GlobalSection(ProjectConfigurationPlatforms) = postSolution
		{ED843E19-7F67-445A-9DC3-98E78C5E3D58}.Debug|Any CPU.ActiveCfg = Debug|Any CPU
		{ED843E19-7F67-445A-9DC3-98E78C5E3D58}.Debug|Any CPU.Build.0 = Debug|Any CPU
		{ED843E19-7F67-445A-9DC3-98E78C5E3D58}.Release|Any CPU.ActiveCfg = Release|Any CPU
		{ED843E19-7F67-445A-9DC3-98E78C5E3D58}.Release|Any CPU.Build.0 = Release|Any CPU
		{8CA49DE5-1B4A-4821-8F20-D4491D0F55F2}.Debug|Any CPU.ActiveCfg = Debug|Any CPU
		{8CA49DE5-1B4A-4821-8F20-D4491D0F55F2}.Debug|Any CPU.Build.0 = Debug|Any CPU
		{8CA49DE5-1B4A-4821-8F20-D4491D0F55F2}.Release|Any CPU.ActiveCfg = Release|Any CPU
		{8CA49DE5-1B4A-4821-8F20-D4491D0F55F2}.Release|Any CPU.Build.0 = Release|Any CPU
		{1C1E0E80-D620-4152-9DA8-31EC4D418996}.Debug|Any CPU.ActiveCfg = Debug|Any CPU
		{1C1E0E80-D620-4152-9DA8-31EC4D418996}.Debug|Any CPU.Build.0 = Debug|Any CPU
		{1C1E0E80-D620-4152-9DA8-31EC4D418996}.Release|Any CPU.ActiveCfg = Release|Any CPU
		{1C1E0E80-D620-4152-9DA8-31EC4D418996}.Release|Any CPU.Build.0 = Release|Any CPU
		{2F0B7DE7-74B0-4836-900B-C41D28DD4658}.Debug|Any CPU.ActiveCfg = Debug|Any CPU
		{2F0B7DE7-74B0-4836-900B-C41D28DD4658}.Debug|Any CPU.Build.0 = Debug|Any CPU
		{2F0B7DE7-74B0-4836-900B-C41D28DD4658}.Release|Any CPU.ActiveCfg = Release|Any CPU
		{2F0B7DE7-74B0-4836-900B-C41D28DD4658}.Release|Any CPU.Build.0 = Release|Any CPU
		{A46A02DD-0F34-4FB2-91E4-FE3CE9FD1F1B}.Debug|Any CPU.ActiveCfg = Debug|Any CPU
		{A46A02DD-0F34-4FB2-91E4-FE3CE9FD1F1B}.Debug|Any CPU.Build.0 = Debug|Any CPU
		{A46A02DD-0F34-4FB2-91E4-FE3CE9FD1F1B}.Release|Any CPU.ActiveCfg = Release|Any CPU
		{A46A02DD-0F34-4FB2-91E4-FE3CE9FD1F1B}.Release|Any CPU.Build.0 = Release|Any CPU
		{513DA76E-510E-40E0-BA4D-37334E7F19A3}.Debug|Any CPU.ActiveCfg = Debug|Any CPU
		{513DA76E-510E-40E0-BA4D-37334E7F19A3}.Debug|Any CPU.Build.0 = Debug|Any CPU
		{513DA76E-510E-40E0-BA4D-37334E7F19A3}.Release|Any CPU.ActiveCfg = Release|Any CPU
		{513DA76E-510E-40E0-BA4D-37334E7F19A3}.Release|Any CPU.Build.0 = Release|Any CPU
		{40562FFF-34CD-4098-B02E-D3456139D596}.Debug|Any CPU.ActiveCfg = Debug|Any CPU
		{40562FFF-34CD-4098-B02E-D3456139D596}.Debug|Any CPU.Build.0 = Debug|Any CPU
		{40562FFF-34CD-4098-B02E-D3456139D596}.Release|Any CPU.ActiveCfg = Release|Any CPU
		{40562FFF-34CD-4098-B02E-D3456139D596}.Release|Any CPU.Build.0 = Release|Any CPU
		{8456BA71-60DE-403D-9AE9-D952CE5939F4}.Debug|Any CPU.ActiveCfg = Debug|Any CPU
		{8456BA71-60DE-403D-9AE9-D952CE5939F4}.Debug|Any CPU.Build.0 = Debug|Any CPU
		{8456BA71-60DE-403D-9AE9-D952CE5939F4}.Release|Any CPU.ActiveCfg = Release|Any CPU
		{8456BA71-60DE-403D-9AE9-D952CE5939F4}.Release|Any CPU.Build.0 = Release|Any CPU
		{A822B6BA-4695-47A9-9514-B8D3B8363A96}.Debug|Any CPU.ActiveCfg = Debug|Any CPU
		{A822B6BA-4695-47A9-9514-B8D3B8363A96}.Debug|Any CPU.Build.0 = Debug|Any CPU
		{A822B6BA-4695-47A9-9514-B8D3B8363A96}.Release|Any CPU.ActiveCfg = Release|Any CPU
		{A822B6BA-4695-47A9-9514-B8D3B8363A96}.Release|Any CPU.Build.0 = Release|Any CPU
		{E2E2C9E6-24E6-4DAF-9F29-D09165D70E16}.Debug|Any CPU.ActiveCfg = Debug|Any CPU
		{E2E2C9E6-24E6-4DAF-9F29-D09165D70E16}.Debug|Any CPU.Build.0 = Debug|Any CPU
		{E2E2C9E6-24E6-4DAF-9F29-D09165D70E16}.Release|Any CPU.ActiveCfg = Release|Any CPU
		{E2E2C9E6-24E6-4DAF-9F29-D09165D70E16}.Release|Any CPU.Build.0 = Release|Any CPU
		{B1D7F368-9536-4467-9A8C-27A50B17FC17}.Debug|Any CPU.ActiveCfg = Debug|Any CPU
		{B1D7F368-9536-4467-9A8C-27A50B17FC17}.Debug|Any CPU.Build.0 = Debug|Any CPU
		{B1D7F368-9536-4467-9A8C-27A50B17FC17}.Release|Any CPU.ActiveCfg = Release|Any CPU
		{B1D7F368-9536-4467-9A8C-27A50B17FC17}.Release|Any CPU.Build.0 = Release|Any CPU
		{DF71F916-408A-423D-AA4A-607C30186800}.Debug|Any CPU.ActiveCfg = Debug|Any CPU
		{DF71F916-408A-423D-AA4A-607C30186800}.Debug|Any CPU.Build.0 = Debug|Any CPU
		{DF71F916-408A-423D-AA4A-607C30186800}.Release|Any CPU.ActiveCfg = Release|Any CPU
		{DF71F916-408A-423D-AA4A-607C30186800}.Release|Any CPU.Build.0 = Release|Any CPU
		{DB0F054C-7A08-43AD-860E-A942D2B751F7}.Debug|Any CPU.ActiveCfg = Debug|Any CPU
		{DB0F054C-7A08-43AD-860E-A942D2B751F7}.Debug|Any CPU.Build.0 = Debug|Any CPU
		{DB0F054C-7A08-43AD-860E-A942D2B751F7}.Release|Any CPU.ActiveCfg = Release|Any CPU
		{DB0F054C-7A08-43AD-860E-A942D2B751F7}.Release|Any CPU.Build.0 = Release|Any CPU
		{3AB15090-8A20-43F3-899F-71FF936D107F}.Debug|Any CPU.ActiveCfg = Debug|Any CPU
		{3AB15090-8A20-43F3-899F-71FF936D107F}.Debug|Any CPU.Build.0 = Debug|Any CPU
		{3AB15090-8A20-43F3-899F-71FF936D107F}.Release|Any CPU.ActiveCfg = Release|Any CPU
		{3AB15090-8A20-43F3-899F-71FF936D107F}.Release|Any CPU.Build.0 = Release|Any CPU
		{25BC78EB-E695-4482-A1BB-4B7B74BA992E}.Debug|Any CPU.ActiveCfg = Debug|Any CPU
		{25BC78EB-E695-4482-A1BB-4B7B74BA992E}.Debug|Any CPU.Build.0 = Debug|Any CPU
		{25BC78EB-E695-4482-A1BB-4B7B74BA992E}.Release|Any CPU.ActiveCfg = Release|Any CPU
		{25BC78EB-E695-4482-A1BB-4B7B74BA992E}.Release|Any CPU.Build.0 = Release|Any CPU
		{2F68F3F8-8944-4BB5-BCFF-2B10924D6D72}.Debug|Any CPU.ActiveCfg = Debug|Any CPU
		{2F68F3F8-8944-4BB5-BCFF-2B10924D6D72}.Debug|Any CPU.Build.0 = Debug|Any CPU
		{2F68F3F8-8944-4BB5-BCFF-2B10924D6D72}.Release|Any CPU.ActiveCfg = Release|Any CPU
		{2F68F3F8-8944-4BB5-BCFF-2B10924D6D72}.Release|Any CPU.Build.0 = Release|Any CPU
		{7BDC02CC-EBBC-431C-9B5F-F9A5DC820F65}.Debug|Any CPU.ActiveCfg = Debug|Any CPU
		{7BDC02CC-EBBC-431C-9B5F-F9A5DC820F65}.Debug|Any CPU.Build.0 = Debug|Any CPU
		{7BDC02CC-EBBC-431C-9B5F-F9A5DC820F65}.Release|Any CPU.ActiveCfg = Release|Any CPU
		{7BDC02CC-EBBC-431C-9B5F-F9A5DC820F65}.Release|Any CPU.Build.0 = Release|Any CPU
		{B880F104-6642-4EB9-9B12-96B251726C85}.Debug|Any CPU.ActiveCfg = Debug|Any CPU
		{B880F104-6642-4EB9-9B12-96B251726C85}.Debug|Any CPU.Build.0 = Debug|Any CPU
		{B880F104-6642-4EB9-9B12-96B251726C85}.Release|Any CPU.ActiveCfg = Release|Any CPU
		{B880F104-6642-4EB9-9B12-96B251726C85}.Release|Any CPU.Build.0 = Release|Any CPU
		{EF09E089-BEC7-4CF0-BC0B-115813ADAEAE}.Debug|Any CPU.ActiveCfg = Debug|Any CPU
		{EF09E089-BEC7-4CF0-BC0B-115813ADAEAE}.Debug|Any CPU.Build.0 = Debug|Any CPU
		{EF09E089-BEC7-4CF0-BC0B-115813ADAEAE}.Release|Any CPU.ActiveCfg = Release|Any CPU
		{EF09E089-BEC7-4CF0-BC0B-115813ADAEAE}.Release|Any CPU.Build.0 = Release|Any CPU
		{70205B45-6692-4F4F-AC78-ACF44ABFDBD2}.Debug|Any CPU.ActiveCfg = Debug|Any CPU
		{70205B45-6692-4F4F-AC78-ACF44ABFDBD2}.Debug|Any CPU.Build.0 = Debug|Any CPU
		{70205B45-6692-4F4F-AC78-ACF44ABFDBD2}.Release|Any CPU.ActiveCfg = Release|Any CPU
		{70205B45-6692-4F4F-AC78-ACF44ABFDBD2}.Release|Any CPU.Build.0 = Release|Any CPU
		{E0CD4FD1-668E-444B-84C7-7B7DF0C829AE}.Debug|Any CPU.ActiveCfg = Debug|Any CPU
		{E0CD4FD1-668E-444B-84C7-7B7DF0C829AE}.Debug|Any CPU.Build.0 = Debug|Any CPU
		{E0CD4FD1-668E-444B-84C7-7B7DF0C829AE}.Release|Any CPU.ActiveCfg = Release|Any CPU
		{E0CD4FD1-668E-444B-84C7-7B7DF0C829AE}.Release|Any CPU.Build.0 = Release|Any CPU
		{84C204FD-EDA8-4694-911B-D0E3F76FD50F}.Debug|Any CPU.ActiveCfg = Debug|Any CPU
		{84C204FD-EDA8-4694-911B-D0E3F76FD50F}.Debug|Any CPU.Build.0 = Debug|Any CPU
		{84C204FD-EDA8-4694-911B-D0E3F76FD50F}.Release|Any CPU.ActiveCfg = Release|Any CPU
		{84C204FD-EDA8-4694-911B-D0E3F76FD50F}.Release|Any CPU.Build.0 = Release|Any CPU
		{009AC5EC-F1DC-4BCB-B8B1-448C4B35D378}.Debug|Any CPU.ActiveCfg = Debug|Any CPU
		{009AC5EC-F1DC-4BCB-B8B1-448C4B35D378}.Debug|Any CPU.Build.0 = Debug|Any CPU
		{009AC5EC-F1DC-4BCB-B8B1-448C4B35D378}.Release|Any CPU.ActiveCfg = Release|Any CPU
		{009AC5EC-F1DC-4BCB-B8B1-448C4B35D378}.Release|Any CPU.Build.0 = Release|Any CPU
		{5BD01893-7896-498A-9BB1-AAC9B80352E3}.Debug|Any CPU.ActiveCfg = Debug|Any CPU
		{5BD01893-7896-498A-9BB1-AAC9B80352E3}.Debug|Any CPU.Build.0 = Debug|Any CPU
		{5BD01893-7896-498A-9BB1-AAC9B80352E3}.Release|Any CPU.ActiveCfg = Release|Any CPU
		{5BD01893-7896-498A-9BB1-AAC9B80352E3}.Release|Any CPU.Build.0 = Release|Any CPU
		{106A3D4C-C600-4A1A-B292-7145E96907A9}.Debug|Any CPU.ActiveCfg = Debug|Any CPU
		{106A3D4C-C600-4A1A-B292-7145E96907A9}.Debug|Any CPU.Build.0 = Debug|Any CPU
		{106A3D4C-C600-4A1A-B292-7145E96907A9}.Release|Any CPU.ActiveCfg = Release|Any CPU
		{106A3D4C-C600-4A1A-B292-7145E96907A9}.Release|Any CPU.Build.0 = Release|Any CPU
		{2FA53F63-BC79-4CC3-8DBA-1900DF43B14B}.Debug|Any CPU.ActiveCfg = Debug|Any CPU
		{2FA53F63-BC79-4CC3-8DBA-1900DF43B14B}.Debug|Any CPU.Build.0 = Debug|Any CPU
		{2FA53F63-BC79-4CC3-8DBA-1900DF43B14B}.Release|Any CPU.ActiveCfg = Release|Any CPU
		{2FA53F63-BC79-4CC3-8DBA-1900DF43B14B}.Release|Any CPU.Build.0 = Release|Any CPU
		{E99B8198-45BA-4B9D-BBEE-C117FBAC7041}.Debug|Any CPU.ActiveCfg = Debug|Any CPU
		{E99B8198-45BA-4B9D-BBEE-C117FBAC7041}.Debug|Any CPU.Build.0 = Debug|Any CPU
		{E99B8198-45BA-4B9D-BBEE-C117FBAC7041}.Release|Any CPU.ActiveCfg = Release|Any CPU
		{E99B8198-45BA-4B9D-BBEE-C117FBAC7041}.Release|Any CPU.Build.0 = Release|Any CPU
		{54D8C3EF-EF87-40F2-8B7D-A3AEB29EAF10}.Debug|Any CPU.ActiveCfg = Debug|Any CPU
		{54D8C3EF-EF87-40F2-8B7D-A3AEB29EAF10}.Debug|Any CPU.Build.0 = Debug|Any CPU
		{54D8C3EF-EF87-40F2-8B7D-A3AEB29EAF10}.Release|Any CPU.ActiveCfg = Release|Any CPU
		{54D8C3EF-EF87-40F2-8B7D-A3AEB29EAF10}.Release|Any CPU.Build.0 = Release|Any CPU
		{6F667AF2-80FD-4E16-A9F0-BD278261D49C}.Debug|Any CPU.ActiveCfg = Debug|Any CPU
		{6F667AF2-80FD-4E16-A9F0-BD278261D49C}.Debug|Any CPU.Build.0 = Debug|Any CPU
		{6F667AF2-80FD-4E16-A9F0-BD278261D49C}.Release|Any CPU.ActiveCfg = Release|Any CPU
		{6F667AF2-80FD-4E16-A9F0-BD278261D49C}.Release|Any CPU.Build.0 = Release|Any CPU
		{A953CC4C-ABD9-486F-9BD7-8472D3A5CC72}.Debug|Any CPU.ActiveCfg = Debug|Any CPU
		{A953CC4C-ABD9-486F-9BD7-8472D3A5CC72}.Debug|Any CPU.Build.0 = Debug|Any CPU
		{A953CC4C-ABD9-486F-9BD7-8472D3A5CC72}.Release|Any CPU.ActiveCfg = Release|Any CPU
		{A953CC4C-ABD9-486F-9BD7-8472D3A5CC72}.Release|Any CPU.Build.0 = Release|Any CPU
		{ECB85DDD-3E13-4003-80E5-0BB841879388}.Debug|Any CPU.ActiveCfg = Debug|Any CPU
		{ECB85DDD-3E13-4003-80E5-0BB841879388}.Debug|Any CPU.Build.0 = Debug|Any CPU
		{ECB85DDD-3E13-4003-80E5-0BB841879388}.Release|Any CPU.ActiveCfg = Release|Any CPU
		{ECB85DDD-3E13-4003-80E5-0BB841879388}.Release|Any CPU.Build.0 = Release|Any CPU
		{E70EFA14-BD7C-4CC8-84B2-4D75A4B74F5C}.Debug|Any CPU.ActiveCfg = Debug|Any CPU
		{E70EFA14-BD7C-4CC8-84B2-4D75A4B74F5C}.Debug|Any CPU.Build.0 = Debug|Any CPU
		{E70EFA14-BD7C-4CC8-84B2-4D75A4B74F5C}.Release|Any CPU.ActiveCfg = Release|Any CPU
		{E70EFA14-BD7C-4CC8-84B2-4D75A4B74F5C}.Release|Any CPU.Build.0 = Release|Any CPU
		{FDA1F274-73AD-462B-BD82-43EEB83BE87B}.Debug|Any CPU.ActiveCfg = Debug|Any CPU
		{FDA1F274-73AD-462B-BD82-43EEB83BE87B}.Debug|Any CPU.Build.0 = Debug|Any CPU
		{FDA1F274-73AD-462B-BD82-43EEB83BE87B}.Release|Any CPU.ActiveCfg = Release|Any CPU
		{FDA1F274-73AD-462B-BD82-43EEB83BE87B}.Release|Any CPU.Build.0 = Release|Any CPU
		{08E9A20E-ABAC-4BC0-B557-1BC63408F26E}.Debug|Any CPU.ActiveCfg = Debug|Any CPU
		{08E9A20E-ABAC-4BC0-B557-1BC63408F26E}.Debug|Any CPU.Build.0 = Debug|Any CPU
		{08E9A20E-ABAC-4BC0-B557-1BC63408F26E}.Release|Any CPU.ActiveCfg = Release|Any CPU
		{08E9A20E-ABAC-4BC0-B557-1BC63408F26E}.Release|Any CPU.Build.0 = Release|Any CPU
		{868BC15B-C7DA-47A4-B0B4-9AE9CC072876}.Debug|Any CPU.ActiveCfg = Debug|Any CPU
		{868BC15B-C7DA-47A4-B0B4-9AE9CC072876}.Debug|Any CPU.Build.0 = Debug|Any CPU
		{868BC15B-C7DA-47A4-B0B4-9AE9CC072876}.Release|Any CPU.ActiveCfg = Release|Any CPU
		{868BC15B-C7DA-47A4-B0B4-9AE9CC072876}.Release|Any CPU.Build.0 = Release|Any CPU
		{ECD6C0BD-A546-4740-927A-784BE8E6A609}.Debug|Any CPU.ActiveCfg = Debug|Any CPU
		{ECD6C0BD-A546-4740-927A-784BE8E6A609}.Debug|Any CPU.Build.0 = Debug|Any CPU
		{ECD6C0BD-A546-4740-927A-784BE8E6A609}.Release|Any CPU.ActiveCfg = Release|Any CPU
		{ECD6C0BD-A546-4740-927A-784BE8E6A609}.Release|Any CPU.Build.0 = Release|Any CPU
		{A240B9D0-9123-44B6-A317-E201DE54C193}.Debug|Any CPU.ActiveCfg = Debug|Any CPU
		{A240B9D0-9123-44B6-A317-E201DE54C193}.Debug|Any CPU.Build.0 = Debug|Any CPU
		{A240B9D0-9123-44B6-A317-E201DE54C193}.Release|Any CPU.ActiveCfg = Release|Any CPU
		{A240B9D0-9123-44B6-A317-E201DE54C193}.Release|Any CPU.Build.0 = Release|Any CPU
		{C9BA2977-E336-4F80-8F4F-4CF97C0C5662}.Debug|Any CPU.ActiveCfg = Debug|Any CPU
		{C9BA2977-E336-4F80-8F4F-4CF97C0C5662}.Debug|Any CPU.Build.0 = Debug|Any CPU
		{C9BA2977-E336-4F80-8F4F-4CF97C0C5662}.Release|Any CPU.ActiveCfg = Release|Any CPU
		{C9BA2977-E336-4F80-8F4F-4CF97C0C5662}.Release|Any CPU.Build.0 = Release|Any CPU
		{28447932-D527-4D7C-B5F1-940CF18F866D}.Debug|Any CPU.ActiveCfg = Debug|Any CPU
		{28447932-D527-4D7C-B5F1-940CF18F866D}.Debug|Any CPU.Build.0 = Debug|Any CPU
		{28447932-D527-4D7C-B5F1-940CF18F866D}.Release|Any CPU.ActiveCfg = Release|Any CPU
		{28447932-D527-4D7C-B5F1-940CF18F866D}.Release|Any CPU.Build.0 = Release|Any CPU
		{1AB1F880-CC3A-4DE5-B036-35CBBB1B9C9E}.Debug|Any CPU.ActiveCfg = Debug|Any CPU
		{1AB1F880-CC3A-4DE5-B036-35CBBB1B9C9E}.Debug|Any CPU.Build.0 = Debug|Any CPU
		{1AB1F880-CC3A-4DE5-B036-35CBBB1B9C9E}.Release|Any CPU.ActiveCfg = Release|Any CPU
		{1AB1F880-CC3A-4DE5-B036-35CBBB1B9C9E}.Release|Any CPU.Build.0 = Release|Any CPU
	EndGlobalSection
	GlobalSection(SolutionProperties) = preSolution
		HideSolutionNode = FALSE
	EndGlobalSection
	GlobalSection(NestedProjects) = preSolution
		{ED843E19-7F67-445A-9DC3-98E78C5E3D58} = {DBB6D7ED-B643-4EBE-ADCE-AAF453F0D901}
		{8CA49DE5-1B4A-4821-8F20-D4491D0F55F2} = {DBB6D7ED-B643-4EBE-ADCE-AAF453F0D901}
		{1C1E0E80-D620-4152-9DA8-31EC4D418996} = {DBB6D7ED-B643-4EBE-ADCE-AAF453F0D901}
		{2F0B7DE7-74B0-4836-900B-C41D28DD4658} = {DBB6D7ED-B643-4EBE-ADCE-AAF453F0D901}
		{A46A02DD-0F34-4FB2-91E4-FE3CE9FD1F1B} = {4D8347FB-777A-4A72-A80D-01EDD96B9CC0}
		{513DA76E-510E-40E0-BA4D-37334E7F19A3} = {4D8347FB-777A-4A72-A80D-01EDD96B9CC0}
		{40562FFF-34CD-4098-B02E-D3456139D596} = {30BC6D84-A2E8-40FE-BFE3-7FFFFBEFA73E}
		{8456BA71-60DE-403D-9AE9-D952CE5939F4} = {30BC6D84-A2E8-40FE-BFE3-7FFFFBEFA73E}
		{A822B6BA-4695-47A9-9514-B8D3B8363A96} = {30BC6D84-A2E8-40FE-BFE3-7FFFFBEFA73E}
		{E2E2C9E6-24E6-4DAF-9F29-D09165D70E16} = {30BC6D84-A2E8-40FE-BFE3-7FFFFBEFA73E}
		{B1D7F368-9536-4467-9A8C-27A50B17FC17} = {30BC6D84-A2E8-40FE-BFE3-7FFFFBEFA73E}
		{DF71F916-408A-423D-AA4A-607C30186800} = {48042C4B-DC01-4047-82EA-900D04A6F09A}
		{DB0F054C-7A08-43AD-860E-A942D2B751F7} = {48042C4B-DC01-4047-82EA-900D04A6F09A}
		{3AB15090-8A20-43F3-899F-71FF936D107F} = {48042C4B-DC01-4047-82EA-900D04A6F09A}
		{25BC78EB-E695-4482-A1BB-4B7B74BA992E} = {48042C4B-DC01-4047-82EA-900D04A6F09A}
		{2F68F3F8-8944-4BB5-BCFF-2B10924D6D72} = {48042C4B-DC01-4047-82EA-900D04A6F09A}
		{7BDC02CC-EBBC-431C-9B5F-F9A5DC820F65} = {48042C4B-DC01-4047-82EA-900D04A6F09A}
		{B880F104-6642-4EB9-9B12-96B251726C85} = {48042C4B-DC01-4047-82EA-900D04A6F09A}
		{EF09E089-BEC7-4CF0-BC0B-115813ADAEAE} = {48042C4B-DC01-4047-82EA-900D04A6F09A}
		{70205B45-6692-4F4F-AC78-ACF44ABFDBD2} = {48042C4B-DC01-4047-82EA-900D04A6F09A}
		{E0CD4FD1-668E-444B-84C7-7B7DF0C829AE} = {48042C4B-DC01-4047-82EA-900D04A6F09A}
		{84C204FD-EDA8-4694-911B-D0E3F76FD50F} = {30BC6D84-A2E8-40FE-BFE3-7FFFFBEFA73E}
		{009AC5EC-F1DC-4BCB-B8B1-448C4B35D378} = {30BC6D84-A2E8-40FE-BFE3-7FFFFBEFA73E}
		{5BD01893-7896-498A-9BB1-AAC9B80352E3} = {30BC6D84-A2E8-40FE-BFE3-7FFFFBEFA73E}
		{106A3D4C-C600-4A1A-B292-7145E96907A9} = {30BC6D84-A2E8-40FE-BFE3-7FFFFBEFA73E}
		{2FA53F63-BC79-4CC3-8DBA-1900DF43B14B} = {30BC6D84-A2E8-40FE-BFE3-7FFFFBEFA73E}
		{E99B8198-45BA-4B9D-BBEE-C117FBAC7041} = {30BC6D84-A2E8-40FE-BFE3-7FFFFBEFA73E}
		{54D8C3EF-EF87-40F2-8B7D-A3AEB29EAF10} = {30BC6D84-A2E8-40FE-BFE3-7FFFFBEFA73E}
		{6F667AF2-80FD-4E16-A9F0-BD278261D49C} = {30BC6D84-A2E8-40FE-BFE3-7FFFFBEFA73E}
		{A953CC4C-ABD9-486F-9BD7-8472D3A5CC72} = {30BC6D84-A2E8-40FE-BFE3-7FFFFBEFA73E}
		{ECB85DDD-3E13-4003-80E5-0BB841879388} = {30BC6D84-A2E8-40FE-BFE3-7FFFFBEFA73E}
		{E70EFA14-BD7C-4CC8-84B2-4D75A4B74F5C} = {30BC6D84-A2E8-40FE-BFE3-7FFFFBEFA73E}
		{FDA1F274-73AD-462B-BD82-43EEB83BE87B} = {30BC6D84-A2E8-40FE-BFE3-7FFFFBEFA73E}
		{08E9A20E-ABAC-4BC0-B557-1BC63408F26E} = {30BC6D84-A2E8-40FE-BFE3-7FFFFBEFA73E}
		{868BC15B-C7DA-47A4-B0B4-9AE9CC072876} = {30BC6D84-A2E8-40FE-BFE3-7FFFFBEFA73E}
		{ECD6C0BD-A546-4740-927A-784BE8E6A609} = {30BC6D84-A2E8-40FE-BFE3-7FFFFBEFA73E}
		{A240B9D0-9123-44B6-A317-E201DE54C193} = {30BC6D84-A2E8-40FE-BFE3-7FFFFBEFA73E}
		{C9BA2977-E336-4F80-8F4F-4CF97C0C5662} = {30BC6D84-A2E8-40FE-BFE3-7FFFFBEFA73E}
		{28447932-D527-4D7C-B5F1-940CF18F866D} = {30BC6D84-A2E8-40FE-BFE3-7FFFFBEFA73E}
		{1AB1F880-CC3A-4DE5-B036-35CBBB1B9C9E} = {30BC6D84-A2E8-40FE-BFE3-7FFFFBEFA73E}
	EndGlobalSection
	GlobalSection(ExtensibilityGlobals) = postSolution
		SolutionGuid = {9195D95D-8C7F-45C0-BB88-C71EFBBF621B}
	EndGlobalSection
EndGlobal
