
Microsoft Visual Studio Solution File, Format Version 12.00
# Visual Studio Version 17
VisualStudioVersion = 17.9.34728.123
MinimumVisualStudioVersion = 10.0.40219.1
Project("{F184B08F-C81C-45F6-A57F-5ABD9991F28F}") = "ControllerTextract64", "ControllerTextract64.vbproj", "{25BC78EB-E695-4482-A1BB-4B7B74BA992E}"
EndProject
Global
	GlobalSection(SolutionConfigurationPlatforms) = preSolution
		Debug|Any CPU = Debug|Any CPU
		Release|Any CPU = Release|Any CPU
	EndGlobalSection
	GlobalSection(ProjectConfigurationPlatforms) = postSolution
		{25BC78EB-E695-4482-A1BB-4B7B74BA992E}.Debug|Any CPU.ActiveCfg = Debug|Any CPU
		{25BC78EB-E695-4482-A1BB-4B7B74BA992E}.Debug|Any CPU.Build.0 = Debug|Any CPU
		{25BC78EB-E695-4482-A1BB-4B7B74BA992E}.Release|Any CPU.ActiveCfg = Release|Any CPU
		{25BC78EB-E695-4482-A1BB-4B7B74BA992E}.Release|Any CPU.Build.0 = Release|Any CPU
	EndGlobalSection
	GlobalSection(SolutionProperties) = preSolution
		HideSolutionNode = FALSE
	EndGlobalSection
	GlobalSection(ExtensibilityGlobals) = postSolution
		SolutionGuid = {43CDB8C7-4822-4062-B04A-144F28924A69}
	EndGlobalSection
EndGlobal
